
Microsoft Visual Studio Solution File, Format Version 12.00
# Visual Studio Version 16
VisualStudioVersion = 16.0.31205.134
MinimumVisualStudioVersion = 10.0.40219.1
Project("{FAE04EC0-301F-11D3-BF4B-00C04F79EFBC}") = "Net48MvcRenshu", "Net48MvcRenshu\Net48MvcRenshu.csproj", "{8A865F0E-4AEB-49CD-8134-9DA90A8AE12D}"
EndProject
Project("{2150E333-8FDC-42A3-9474-1A3956D46DE8}") = "Solution Items", "Solution Items", "{F2A7138D-66CE-41D4-8265-F1C9B5347246}"
	ProjectSection(SolutionItems) = preProject
		.gitignore = .gitignore
	EndProjectSection
EndProject
Project("{FAE04EC0-301F-11D3-BF4B-00C04F79EFBC}") = "Net48MvcRenshuModeling", "Net48MvcRenshuModeling\Net48MvcRenshuModeling.csproj", "{E25FD0F9-B8F9-45D0-B330-1B37564B140B}"
EndProject
Global
	GlobalSection(SolutionConfigurationPlatforms) = preSolution
		Debug|Any CPU = Debug|Any CPU
		Release|Any CPU = Release|Any CPU
	EndGlobalSection
	GlobalSection(ProjectConfigurationPlatforms) = postSolution
		{8A865F0E-4AEB-49CD-8134-9DA90A8AE12D}.Debug|Any CPU.ActiveCfg = Debug|Any CPU
		{8A865F0E-4AEB-49CD-8134-9DA90A8AE12D}.Debug|Any CPU.Build.0 = Debug|Any CPU
		{8A865F0E-4AEB-49CD-8134-9DA90A8AE12D}.Release|Any CPU.ActiveCfg = Release|Any CPU
		{8A865F0E-4AEB-49CD-8134-9DA90A8AE12D}.Release|Any CPU.Build.0 = Release|Any CPU
		{E25FD0F9-B8F9-45D0-B330-1B37564B140B}.Debug|Any CPU.ActiveCfg = Debug|Any CPU
		{E25FD0F9-B8F9-45D0-B330-1B37564B140B}.Debug|Any CPU.Build.0 = Debug|Any CPU
		{E25FD0F9-B8F9-45D0-B330-1B37564B140B}.Release|Any CPU.ActiveCfg = Release|Any CPU
		{E25FD0F9-B8F9-45D0-B330-1B37564B140B}.Release|Any CPU.Build.0 = Release|Any CPU
	EndGlobalSection
	GlobalSection(SolutionProperties) = preSolution
		HideSolutionNode = FALSE
	EndGlobalSection
	GlobalSection(ExtensibilityGlobals) = postSolution
		SolutionGuid = {90C2E142-66FD-4E4B-8F63-FE00B51B5285}
	EndGlobalSection
EndGlobal
